
Microsoft Visual Studio Solution File, Format Version 12.00
# Visual Studio Version 16
VisualStudioVersion = 16.0.29609.76
MinimumVisualStudioVersion = 10.0.40219.1
Project("{9A19103F-16F7-4668-BE54-9A1E7A4F7556}") = "QinGY.DotnetCoreStudy.SimpleNetCore", "SimpleNetCore\QinGY.DotnetCoreStudy.SimpleNetCore.csproj", "{012D116F-9DB4-47D2-9F08-C844191DDF3D}"
EndProject
Project("{9A19103F-16F7-4668-BE54-9A1E7A4F7556}") = "QinGY.DotnetCoreStudy.TestConsole", "QinGY.DotnetCoreStudy.TestConsole\QinGY.DotnetCoreStudy.TestConsole.csproj", "{5DD80072-4573-4481-8664-2F3223FAB70B}"
EndProject
Project("{9A19103F-16F7-4668-BE54-9A1E7A4F7556}") = "QinGy.DotNetCoreStudy.SystemData", "DotNetCoreStudy.SystemData\QinGy.DotNetCoreStudy.SystemData.csproj", "{908B4B0F-7C72-4673-B351-A5A7AD4A5D67}"
EndProject
Project("{9A19103F-16F7-4668-BE54-9A1E7A4F7556}") = "QinGy.DotNetCoreStudy.SystemUnitTest", "QinGy.DotNetCoreStudy.SystemUnitTest\QinGy.DotNetCoreStudy.SystemUnitTest.csproj", "{6828B478-5231-4394-8EB6-486766513BAB}"
EndProject
Project("{2150E333-8FDC-42A3-9474-1A3956D46DE8}") = "GateWay", "GateWay", "{B6B8C950-CBA6-4D0B-8D0A-882E2D4299BB}"
EndProject
Project("{9A19103F-16F7-4668-BE54-9A1E7A4F7556}") = "QinGy.MarketPlatform.ProductCenterApi", "QinGy.DotnetCoreStudy.ProductApi\QinGy.MarketPlatform.ProductCenterApi.csproj", "{DEB454DF-BA7E-4793-BCD7-8CE888C2BD3A}"
EndProject
Project("{9A19103F-16F7-4668-BE54-9A1E7A4F7556}") = "QinGy.MarketPlatform.OrderCenterApi", "QinGy.DotnetCoreStudy.OrderApi\QinGy.MarketPlatform.OrderCenterApi.csproj", "{BCD0D48A-799A-4E5D-875A-78247C9363DC}"
EndProject
Project("{9A19103F-16F7-4668-BE54-9A1E7A4F7556}") = "QinGy.MarketPlatform.ApiGateWay", "QinGy.DotnetCore.ApiGateWay\QinGy.MarketPlatform.ApiGateWay.csproj", "{023FB587-1D96-4AC8-AE09-C7B5B2D65230}"
EndProject
Project("{2150E333-8FDC-42A3-9474-1A3956D46DE8}") = "OrderCenter", "OrderCenter", "{A487924A-C036-49E2-BD20-66E037E1383B}"
EndProject
Project("{2150E333-8FDC-42A3-9474-1A3956D46DE8}") = "ProductCenter", "ProductCenter", "{6C3D45D2-0D31-417F-BC48-F89E6E4BF176}"
EndProject
Project("{9A19103F-16F7-4668-BE54-9A1E7A4F7556}") = "QinGy.MarketPlatform.ProductCenterEntity", "QinGy.DotNetCoreStudy.ProductEntity\QinGy.MarketPlatform.ProductCenterEntity.csproj", "{D33AA7C7-3A3B-46FF-B5AE-6FB5B33ACF79}"
EndProject
Project("{9A19103F-16F7-4668-BE54-9A1E7A4F7556}") = "QinGy.MarketPlatform.ProductCenterService", "QinGy.DotNetCoreStudy.ProductService\QinGy.MarketPlatform.ProductCenterService.csproj", "{EC06ADD2-7A59-4749-9F2F-2909ADF9517B}"
EndProject
Project("{2150E333-8FDC-42A3-9474-1A3956D46DE8}") = "Disease", "Disease", "{B7300138-1857-4823-8050-F98130FF8B26}"
EndProject
Project("{9A19103F-16F7-4668-BE54-9A1E7A4F7556}") = "DiseaseDataPlatform.DiseaseEntity", "DiseaseDataPlatform.DiseaseEntity\DiseaseDataPlatform.DiseaseEntity.csproj", "{2538AF36-D165-45B7-8C9B-8B040C5B8E57}"
EndProject
Project("{9A19103F-16F7-4668-BE54-9A1E7A4F7556}") = "DiseaseDataPlatform.WebApi", "DiseaseDataPlatform.WebApi\DiseaseDataPlatform.WebApi.csproj", "{A719B04B-2F1C-4731-BF51-3A1B06CD80C2}"
EndProject
Project("{9A19103F-16F7-4668-BE54-9A1E7A4F7556}") = "Qingy.DotNetCoreStudy.HangfireManagement", "Qingy.DotNetCoreStudy.HangfireManagement\Qingy.DotNetCoreStudy.HangfireManagement.csproj", "{FE1E8BCB-FB62-4BB3-8AD8-1D1946DB2EA6}"
EndProject
Project("{2150E333-8FDC-42A3-9474-1A3956D46DE8}") = "HnagfireJob", "HnagfireJob", "{7C442433-8FF9-4774-BD5A-896108165A01}"
EndProject
Project("{FAE04EC0-301F-11D3-BF4B-00C04F79EFBC}") = "Qingy.DotNetCoreStudy.HangfireJobEntity", "Qingy.DotNetCoreStudy.HangfireJobEntity\Qingy.DotNetCoreStudy.HangfireJobEntity.csproj", "{506B6057-24D8-447E-A323-B3B7E24B0124}"
EndProject
Global
	GlobalSection(SolutionConfigurationPlatforms) = preSolution
		Debug|Any CPU = Debug|Any CPU
		Release|Any CPU = Release|Any CPU
	EndGlobalSection
	GlobalSection(ProjectConfigurationPlatforms) = postSolution
		{012D116F-9DB4-47D2-9F08-C844191DDF3D}.Debug|Any CPU.ActiveCfg = Debug|Any CPU
		{012D116F-9DB4-47D2-9F08-C844191DDF3D}.Debug|Any CPU.Build.0 = Debug|Any CPU
		{012D116F-9DB4-47D2-9F08-C844191DDF3D}.Release|Any CPU.ActiveCfg = Release|Any CPU
		{012D116F-9DB4-47D2-9F08-C844191DDF3D}.Release|Any CPU.Build.0 = Release|Any CPU
		{5DD80072-4573-4481-8664-2F3223FAB70B}.Debug|Any CPU.ActiveCfg = Debug|Any CPU
		{5DD80072-4573-4481-8664-2F3223FAB70B}.Debug|Any CPU.Build.0 = Debug|Any CPU
		{5DD80072-4573-4481-8664-2F3223FAB70B}.Release|Any CPU.ActiveCfg = Release|Any CPU
		{5DD80072-4573-4481-8664-2F3223FAB70B}.Release|Any CPU.Build.0 = Release|Any CPU
		{908B4B0F-7C72-4673-B351-A5A7AD4A5D67}.Debug|Any CPU.ActiveCfg = Debug|Any CPU
		{908B4B0F-7C72-4673-B351-A5A7AD4A5D67}.Debug|Any CPU.Build.0 = Debug|Any CPU
		{908B4B0F-7C72-4673-B351-A5A7AD4A5D67}.Release|Any CPU.ActiveCfg = Release|Any CPU
		{908B4B0F-7C72-4673-B351-A5A7AD4A5D67}.Release|Any CPU.Build.0 = Release|Any CPU
		{6828B478-5231-4394-8EB6-486766513BAB}.Debug|Any CPU.ActiveCfg = Debug|Any CPU
		{6828B478-5231-4394-8EB6-486766513BAB}.Debug|Any CPU.Build.0 = Debug|Any CPU
		{6828B478-5231-4394-8EB6-486766513BAB}.Release|Any CPU.ActiveCfg = Release|Any CPU
		{6828B478-5231-4394-8EB6-486766513BAB}.Release|Any CPU.Build.0 = Release|Any CPU
		{DEB454DF-BA7E-4793-BCD7-8CE888C2BD3A}.Debug|Any CPU.ActiveCfg = Debug|Any CPU
		{DEB454DF-BA7E-4793-BCD7-8CE888C2BD3A}.Debug|Any CPU.Build.0 = Debug|Any CPU
		{DEB454DF-BA7E-4793-BCD7-8CE888C2BD3A}.Release|Any CPU.ActiveCfg = Release|Any CPU
		{DEB454DF-BA7E-4793-BCD7-8CE888C2BD3A}.Release|Any CPU.Build.0 = Release|Any CPU
		{BCD0D48A-799A-4E5D-875A-78247C9363DC}.Debug|Any CPU.ActiveCfg = Debug|Any CPU
		{BCD0D48A-799A-4E5D-875A-78247C9363DC}.Debug|Any CPU.Build.0 = Debug|Any CPU
		{BCD0D48A-799A-4E5D-875A-78247C9363DC}.Release|Any CPU.ActiveCfg = Release|Any CPU
		{BCD0D48A-799A-4E5D-875A-78247C9363DC}.Release|Any CPU.Build.0 = Release|Any CPU
		{023FB587-1D96-4AC8-AE09-C7B5B2D65230}.Debug|Any CPU.ActiveCfg = Debug|Any CPU
		{023FB587-1D96-4AC8-AE09-C7B5B2D65230}.Debug|Any CPU.Build.0 = Debug|Any CPU
		{023FB587-1D96-4AC8-AE09-C7B5B2D65230}.Release|Any CPU.ActiveCfg = Release|Any CPU
		{023FB587-1D96-4AC8-AE09-C7B5B2D65230}.Release|Any CPU.Build.0 = Release|Any CPU
		{D33AA7C7-3A3B-46FF-B5AE-6FB5B33ACF79}.Debug|Any CPU.ActiveCfg = Debug|Any CPU
		{D33AA7C7-3A3B-46FF-B5AE-6FB5B33ACF79}.Debug|Any CPU.Build.0 = Debug|Any CPU
		{D33AA7C7-3A3B-46FF-B5AE-6FB5B33ACF79}.Release|Any CPU.ActiveCfg = Release|Any CPU
		{D33AA7C7-3A3B-46FF-B5AE-6FB5B33ACF79}.Release|Any CPU.Build.0 = Release|Any CPU
		{EC06ADD2-7A59-4749-9F2F-2909ADF9517B}.Debug|Any CPU.ActiveCfg = Debug|Any CPU
		{EC06ADD2-7A59-4749-9F2F-2909ADF9517B}.Debug|Any CPU.Build.0 = Debug|Any CPU
		{EC06ADD2-7A59-4749-9F2F-2909ADF9517B}.Release|Any CPU.ActiveCfg = Release|Any CPU
		{EC06ADD2-7A59-4749-9F2F-2909ADF9517B}.Release|Any CPU.Build.0 = Release|Any CPU
		{2538AF36-D165-45B7-8C9B-8B040C5B8E57}.Debug|Any CPU.ActiveCfg = Debug|Any CPU
		{2538AF36-D165-45B7-8C9B-8B040C5B8E57}.Debug|Any CPU.Build.0 = Debug|Any CPU
		{2538AF36-D165-45B7-8C9B-8B040C5B8E57}.Release|Any CPU.ActiveCfg = Release|Any CPU
		{2538AF36-D165-45B7-8C9B-8B040C5B8E57}.Release|Any CPU.Build.0 = Release|Any CPU
		{A719B04B-2F1C-4731-BF51-3A1B06CD80C2}.Debug|Any CPU.ActiveCfg = Debug|Any CPU
		{A719B04B-2F1C-4731-BF51-3A1B06CD80C2}.Debug|Any CPU.Build.0 = Debug|Any CPU
		{A719B04B-2F1C-4731-BF51-3A1B06CD80C2}.Release|Any CPU.ActiveCfg = Release|Any CPU
		{A719B04B-2F1C-4731-BF51-3A1B06CD80C2}.Release|Any CPU.Build.0 = Release|Any CPU
		{FE1E8BCB-FB62-4BB3-8AD8-1D1946DB2EA6}.Debug|Any CPU.ActiveCfg = Debug|Any CPU
		{FE1E8BCB-FB62-4BB3-8AD8-1D1946DB2EA6}.Debug|Any CPU.Build.0 = Debug|Any CPU
		{FE1E8BCB-FB62-4BB3-8AD8-1D1946DB2EA6}.Release|Any CPU.ActiveCfg = Release|Any CPU
		{FE1E8BCB-FB62-4BB3-8AD8-1D1946DB2EA6}.Release|Any CPU.Build.0 = Release|Any CPU
		{506B6057-24D8-447E-A323-B3B7E24B0124}.Debug|Any CPU.ActiveCfg = Debug|Any CPU
		{506B6057-24D8-447E-A323-B3B7E24B0124}.Debug|Any CPU.Build.0 = Debug|Any CPU
		{506B6057-24D8-447E-A323-B3B7E24B0124}.Release|Any CPU.ActiveCfg = Release|Any CPU
		{506B6057-24D8-447E-A323-B3B7E24B0124}.Release|Any CPU.Build.0 = Release|Any CPU
	EndGlobalSection
	GlobalSection(SolutionProperties) = preSolution
		HideSolutionNode = FALSE
	EndGlobalSection
	GlobalSection(NestedProjects) = preSolution
		{DEB454DF-BA7E-4793-BCD7-8CE888C2BD3A} = {6C3D45D2-0D31-417F-BC48-F89E6E4BF176}
		{BCD0D48A-799A-4E5D-875A-78247C9363DC} = {A487924A-C036-49E2-BD20-66E037E1383B}
		{023FB587-1D96-4AC8-AE09-C7B5B2D65230} = {B6B8C950-CBA6-4D0B-8D0A-882E2D4299BB}
		{A487924A-C036-49E2-BD20-66E037E1383B} = {B6B8C950-CBA6-4D0B-8D0A-882E2D4299BB}
		{6C3D45D2-0D31-417F-BC48-F89E6E4BF176} = {B6B8C950-CBA6-4D0B-8D0A-882E2D4299BB}
		{D33AA7C7-3A3B-46FF-B5AE-6FB5B33ACF79} = {6C3D45D2-0D31-417F-BC48-F89E6E4BF176}
		{EC06ADD2-7A59-4749-9F2F-2909ADF9517B} = {6C3D45D2-0D31-417F-BC48-F89E6E4BF176}
		{2538AF36-D165-45B7-8C9B-8B040C5B8E57} = {B7300138-1857-4823-8050-F98130FF8B26}
		{A719B04B-2F1C-4731-BF51-3A1B06CD80C2} = {B7300138-1857-4823-8050-F98130FF8B26}
		{FE1E8BCB-FB62-4BB3-8AD8-1D1946DB2EA6} = {7C442433-8FF9-4774-BD5A-896108165A01}
		{506B6057-24D8-447E-A323-B3B7E24B0124} = {7C442433-8FF9-4774-BD5A-896108165A01}
	EndGlobalSection
	GlobalSection(ExtensibilityGlobals) = postSolution
		SolutionGuid = {093E397E-76B3-4E48-AE7E-320556E41062}
	EndGlobalSection
EndGlobal
